
Microsoft Visual Studio Solution File, Format Version 12.00
Project("{FAE04EC0-301F-11D3-BF4B-00C04F79EFBC}") = "InertiaAdapter", "InertiaAdapter\InertiaAdapter.csproj", "{28400936-7CFF-40C4-8ECD-C8CB6021223F}"
EndProject
Project("{FAE04EC0-301F-11D3-BF4B-00C04F79EFBC}") = "InertiaCore", "InertiaCore\InertiaCore.csproj", "{C015DAFD-E213-45F0-BDB0-6FE72137647C}"
EndProject
Global
	GlobalSection(SolutionConfigurationPlatforms) = preSolution
		Debug|Any CPU = Debug|Any CPU
		Release|Any CPU = Release|Any CPU
	EndGlobalSection
	GlobalSection(ProjectConfigurationPlatforms) = postSolution
		{28400936-7CFF-40C4-8ECD-C8CB6021223F}.Debug|Any CPU.ActiveCfg = Debug|Any CPU
		{28400936-7CFF-40C4-8ECD-C8CB6021223F}.Debug|Any CPU.Build.0 = Debug|Any CPU
		{28400936-7CFF-40C4-8ECD-C8CB6021223F}.Release|Any CPU.ActiveCfg = Release|Any CPU
		{28400936-7CFF-40C4-8ECD-C8CB6021223F}.Release|Any CPU.Build.0 = Release|Any CPU
		{C015DAFD-E213-45F0-BDB0-6FE72137647C}.Debug|Any CPU.ActiveCfg = Debug|Any CPU
		{C015DAFD-E213-45F0-BDB0-6FE72137647C}.Debug|Any CPU.Build.0 = Debug|Any CPU
		{C015DAFD-E213-45F0-BDB0-6FE72137647C}.Release|Any CPU.ActiveCfg = Release|Any CPU
		{C015DAFD-E213-45F0-BDB0-6FE72137647C}.Release|Any CPU.Build.0 = Release|Any CPU
	EndGlobalSection
EndGlobal
